{
  "name": "aweh-invoice-system",
  "version": "1.0.0",
  "lockfileVersion": 3,
  "requires": true,
  "packages": {
    "": {
      "name": "aweh-invoice-system",
      "version": "1.0.0",
      "license": "MIT",
      "dependencies": {
        "pdf-parse": "^1.1.1",
        "pdfjs-dist": "^4.10.38"
      },
      "engines": {
        "node": ">=14.0.0"
      }
    },
    "node_modules/@napi-rs/canvas": {
      "version": "0.1.84",
      "resolved": "https://registry.npmjs.org/@napi-rs/canvas/-/canvas-0.1.84.tgz",
      "integrity": "sha512-88FTNFs4uuiFKP0tUrPsEXhpe9dg7za9ILZJE08pGdUveMIDeana1zwfVkqRHJDPJFAmGY3dXmJ99dzsy57YnA==",
      "optional": true,
      "engines": {
        "node": ">= 10"
      },
      "optionalDependencies": {
        "@napi-rs/canvas-android-arm64": "0.1.84",
        "@napi-rs/canvas-darwin-arm64": "0.1.84",
        "@napi-rs/canvas-darwin-x64": "0.1.84",
        "@napi-rs/canvas-linux-arm-gnueabihf": "0.1.84",
        "@napi-rs/canvas-linux-arm64-gnu": "0.1.84",
        "@napi-rs/canvas-linux-arm64-musl": "0.1.84",
        "@napi-rs/canvas-linux-riscv64-gnu": "0.1.84",
        "@napi-rs/canvas-linux-x64-gnu": "0.1.84",
        "@napi-rs/canvas-linux-x64-musl": "0.1.84",
        "@napi-rs/canvas-win32-x64-msvc": "0.1.84"
      }
    },
    "node_modules/@napi-rs/canvas-android-arm64": {
      "version": "0.1.84",
      "resolved": "https://registry.npmjs.org/@napi-rs/canvas-android-arm64/-/canvas-android-arm64-0.1.84.tgz",
      "integrity": "sha512-pdvuqvj3qtwVryqgpAGornJLV6Ezpk39V6wT4JCnRVGy8I3Tk1au8qOalFGrx/r0Ig87hWslysPpHBxVpBMIww==",
      "cpu": [
        "arm64"
      ],
      "optional": true,
      "os": [
        "android"
      ],
      "engines": {
        "node": ">= 10"
      }
    },
    "node_modules/@napi-rs/canvas-darwin-arm64": {
      "version": "0.1.84",
      "resolved": "https://registry.npmjs.org/@napi-rs/canvas-darwin-arm64/-/canvas-darwin-arm64-0.1.84.tgz",
      "integrity": "sha512-A8IND3Hnv0R6abc6qCcCaOCujTLMmGxtucMTZ5vbQUrEN/scxi378MyTLtyWg+MRr6bwQJ6v/orqMS9datIcww==",
      "cpu": [
        "arm64"
      ],
      "optional": true,
      "os": [
        "darwin"
      ],
      "engines": {
        "node": ">= 10"
      }
    },
    "node_modules/@napi-rs/canvas-darwin-x64": {
      "version": "0.1.84",
      "resolved": "https://registry.npmjs.org/@napi-rs/canvas-darwin-x64/-/canvas-darwin-x64-0.1.84.tgz",
      "integrity": "sha512-AUW45lJhYWwnA74LaNeqhvqYKK/2hNnBBBl03KRdqeCD4tKneUSrxUqIv8d22CBweOvrAASyKN3W87WO2zEr/A==",
      "cpu": [
        "x64"
      ],
      "optional": true,
      "os": [
        "darwin"
      ],
      "engines": {
        "node": ">= 10"
      }
    },
    "node_modules/@napi-rs/canvas-linux-arm-gnueabihf": {
      "version": "0.1.84",
      "resolved": "https://registry.npmjs.org/@napi-rs/canvas-linux-arm-gnueabihf/-/canvas-linux-arm-gnueabihf-0.1.84.tgz",
      "integrity": "sha512-8zs5ZqOrdgs4FioTxSBrkl/wHZB56bJNBqaIsfPL4ZkEQCinOkrFF7xIcXiHiKp93J3wUtbIzeVrhTIaWwqk+A==",
      "cpu": [
        "arm"
      ],
      "optional": true,
      "os": [
        "linux"
      ],
      "engines": {
        "node": ">= 10"
      }
    },
    "node_modules/@napi-rs/canvas-linux-arm64-gnu": {
      "version": "0.1.84",
      "resolved": "https://registry.npmjs.org/@napi-rs/canvas-linux-arm64-gnu/-/canvas-linux-arm64-gnu-0.1.84.tgz",
      "integrity": "sha512-i204vtowOglJUpbAFWU5mqsJgH0lVpNk/Ml4mQtB4Lndd86oF+Otr6Mr5KQnZHqYGhlSIKiU2SYnUbhO28zGQA==",
      "cpu": [
        "arm64"
      ],
      "optional": true,
      "os": [
        "linux"
      ],
      "engines": {
        "node": ">= 10"
      }
    },
    "node_modules/@napi-rs/canvas-linux-arm64-musl": {
      "version": "0.1.84",
      "resolved": "https://registry.npmjs.org/@napi-rs/canvas-linux-arm64-musl/-/canvas-linux-arm64-musl-0.1.84.tgz",
      "integrity": "sha512-VyZq0EEw+OILnWk7G3ZgLLPaz1ERaPP++jLjeyLMbFOF+Tr4zHzWKiKDsEV/cT7btLPZbVoR3VX+T9/QubnURQ==",
      "cpu": [
        "arm64"
      ],
      "optional": true,
      "os": [
        "linux"
      ],
      "engines": {
        "node": ">= 10"
      }
    },
    "node_modules/@napi-rs/canvas-linux-riscv64-gnu": {
      "version": "0.1.84",
      "resolved": "https://registry.npmjs.org/@napi-rs/canvas-linux-riscv64-gnu/-/canvas-linux-riscv64-gnu-0.1.84.tgz",
      "integrity": "sha512-PSMTh8DiThvLRsbtc/a065I/ceZk17EXAATv9uNvHgkgo7wdEfTh2C3aveNkBMGByVO3tvnvD5v/YFtZL07cIg==",
      "cpu": [
        "riscv64"
      ],
      "optional": true,
      "os": [
        "linux"
      ],
      "engines": {
        "node": ">= 10"
      }
    },
    "node_modules/@napi-rs/canvas-linux-x64-gnu": {
      "version": "0.1.84",
      "resolved": "https://registry.npmjs.org/@napi-rs/canvas-linux-x64-gnu/-/canvas-linux-x64-gnu-0.1.84.tgz",
      "integrity": "sha512-N1GY3noO1oqgEo3rYQIwY44kfM11vA0lDbN0orTOHfCSUZTUyiYCY0nZ197QMahZBm1aR/vYgsWpV74MMMDuNA==",
      "cpu": [
        "x64"
      ],
      "optional": true,
      "os": [
        "linux"
      ],
      "engines": {
        "node": ">= 10"
      }
    },
    "node_modules/@napi-rs/canvas-linux-x64-musl": {
      "version": "0.1.84",
      "resolved": "https://registry.npmjs.org/@napi-rs/canvas-linux-x64-musl/-/canvas-linux-x64-musl-0.1.84.tgz",
      "integrity": "sha512-vUZmua6ADqTWyHyei81aXIt9wp0yjeNwTH0KdhdeoBb6azHmFR8uKTukZMXfLCC3bnsW0t4lW7K78KNMknmtjg==",
      "cpu": [
        "x64"
      ],
      "optional": true,
      "os": [
        "linux"
      ],
      "engines": {
        "node": ">= 10"
      }
    },
    "node_modules/@napi-rs/canvas-win32-x64-msvc": {
      "version": "0.1.84",
      "resolved": "https://registry.npmjs.org/@napi-rs/canvas-win32-x64-msvc/-/canvas-win32-x64-msvc-0.1.84.tgz",
      "integrity": "sha512-YSs8ncurc1xzegUMNnQUTYrdrAuaXdPMOa+iYYyAxydOtg0ppV386hyYMsy00Yip1NlTgLCseRG4sHSnjQx6og==",
      "cpu": [
        "x64"
      ],
      "optional": true,
      "os": [
        "win32"
      ],
      "engines": {
        "node": ">= 10"
      }
    },
    "node_modules/debug": {
      "version": "3.2.7",
      "resolved": "https://registry.npmjs.org/debug/-/debug-3.2.7.tgz",
      "integrity": "sha512-CFjzYYAi4ThfiQvizrFQevTTXHtnCqWfe7x1AhgEscTz6ZbLbfoLRLPugTQyBth6f8ZERVUSyWHFD/7Wu4t1XQ==",
      "dependencies": {
        "ms": "^2.1.1"
      }
    },
    "node_modules/ms": {
      "version": "2.1.3",
      "resolved": "https://registry.npmjs.org/ms/-/ms-2.1.3.tgz",
      "integrity": "sha512-6FlzubTLZG3J2a/NVCAleEhjzq5oxgHyaCU9yYXvcLsvoVaHJq/s5xXI6/XXP6tz7R9xAOtHnSO/tXtF3WRTlA=="
    },
    "node_modules/node-ensure": {
      "version": "0.0.0",
      "resolved": "https://registry.npmjs.org/node-ensure/-/node-ensure-0.0.0.tgz",
      "integrity": "sha512-DRI60hzo2oKN1ma0ckc6nQWlHU69RH6xN0sjQTjMpChPfTYvKZdcQFfdYK2RWbJcKyUizSIy/l8OTGxMAM1QDw=="
    },
    "node_modules/pdf-parse": {
      "version": "1.1.1",
      "resolved": "https://registry.npmjs.org/pdf-parse/-/pdf-parse-1.1.1.tgz",
      "integrity": "sha512-v6ZJ/efsBpGrGGknjtq9J/oC8tZWq0KWL5vQrk2GlzLEQPUDB1ex+13Rmidl1neNN358Jn9EHZw5y07FFtaC7A==",
      "dependencies": {
        "debug": "^3.1.0",
        "node-ensure": "^0.0.0"
      },
      "engines": {
        "node": ">=6.8.1"
      }
    },
    "node_modules/pdfjs-dist": {
      "version": "4.10.38",
      "resolved": "https://registry.npmjs.org/pdfjs-dist/-/pdfjs-dist-4.10.38.tgz",
      "integrity": "sha512-/Y3fcFrXEAsMjJXeL9J8+ZG9U01LbuWaYypvDW2ycW1jL269L3js3DVBjDJ0Up9Np1uqDXsDrRihHANhZOlwdQ==",
      "engines": {
        "node": ">=20"
      },
      "optionalDependencies": {
        "@napi-rs/canvas": "^0.1.65"
      }
    }
  }
}
